
Microsoft Visual Studio Solution File, Format Version 12.00
# Visual Studio Version 17
VisualStudioVersion = 17.0.31903.59
MinimumVisualStudioVersion = 10.0.40219.1
Project("{2150E333-8FDC-42A3-9474-1A3956D46DE8}") = "src", "src", "{A0D6B854-7397-4D9B-8931-B705069210B0}"
EndProject
Project("{9A19103F-16F7-4668-BE54-9A1E7A4F7556}") = "EVEMonitor.Core", "src\EVEMonitor.Core\EVEMonitor.Core.csproj", "{4B7A2C87-D0C7-4CF0-8E25-30B3D30F8AF1}"
EndProject
Project("{9A19103F-16F7-4668-BE54-9A1E7A4F7556}") = "EVEMonitor.Capture", "src\EVEMonitor.Capture\EVEMonitor.Capture.csproj", "{71DD5E25-7B1E-4478-A89A-8571B2F68B34}"
EndProject
Project("{9A19103F-16F7-4668-BE54-9A1E7A4F7556}") = "EVEMonitor.ImageProcessing", "src\EVEMonitor.ImageProcessing\EVEMonitor.ImageProcessing.csproj", "{E3E78F7D-25A0-4F25-9752-F8C766F313D9}"
EndProject
Project("{9A19103F-16F7-4668-BE54-9A1E7A4F7556}") = "EVEMonitor.OCR", "src\EVEMonitor.OCR\EVEMonitor.OCR.csproj", "{7BF8A3C5-0D85-4A0D-8B7A-222CA4D7C417}"
EndProject
Project("{9A19103F-16F7-4668-BE54-9A1E7A4F7556}") = "EVEMonitor.Alert", "src\EVEMonitor.Alert\EVEMonitor.Alert.csproj", "{17B8A342-8F35-4196-BA6E-0EE551666717}"
EndProject
Project("{9A19103F-16F7-4668-BE54-9A1E7A4F7556}") = "EVEMonitor.Config", "src\EVEMonitor.Config\EVEMonitor.Config.csproj", "{90EF1FA5-E3C3-4D9C-8B0B-2EDF87F69CA8}"
EndProject
Project("{2150E333-8FDC-42A3-9474-1A3956D46DE8}") = "tests", "tests", "{F5C7B635-0BF7-4AB7-B8DF-888DF8F30691}"
EndProject
Project("{2150E333-8FDC-42A3-9474-1A3956D46DE8}") = "Solution Items", "Solution Items", "{7ED82519-FE81-4DD2-96DE-2F5649847442}"
	ProjectSection(SolutionItems) = preProject
		README.md = README.md
		.gitignore = .gitignore
	EndProjectSection
EndProject
Project("{9A19103F-16F7-4668-BE54-9A1E7A4F7556}") = "EVEMonitor.Core.Tests", "tests\EVEMonitor.Core.Tests\EVEMonitor.Core.Tests.csproj", "{2D7B67A1-F3B7-4794-B3FC-B90FB5AEB76A}"
EndProject
Project("{9A19103F-16F7-4668-BE54-9A1E7A4F7556}") = "EVEMonitor.ImageProcessing.Tests", "tests\EVEMonitor.ImageProcessing.Tests\EVEMonitor.ImageProcessing.Tests.csproj", "{2EB95CA7-FE2F-4C4A-8439-3E19DB7ED8DB}"
EndProject
Project("{9A19103F-16F7-4668-BE54-9A1E7A4F7556}") = "EVEMonitor.OCR.Tests", "tests\EVEMonitor.OCR.Tests\EVEMonitor.OCR.Tests.csproj", "{5A3A67B1-A5F8-4B9C-BB4F-83E4A93D7BA5}"
EndProject
Project("{9A19103F-16F7-4668-BE54-9A1E7A4F7556}") = "EVEMonitor.Config.Tests", "tests\EVEMonitor.Config.Tests\EVEMonitor.Config.Tests.csproj", "{1A6DB0CE-E428-4A5C-8F99-67CE69753054}"
EndProject
Project("{9A19103F-16F7-4668-BE54-9A1E7A4F7556}") = "EVEMonitor.Alert.Tests", "tests\EVEMonitor.Alert.Tests\EVEMonitor.Alert.Tests.csproj", "{C4D42A5B-6CBB-46AB-BAA5-99D5B3C87E1C}"
EndProject
Project("{9A19103F-16F7-4668-BE54-9A1E7A4F7556}") = "EVEMonitor.Capture.Tests", "tests\EVEMonitor.Capture.Tests\EVEMonitor.Capture.Tests.csproj", "{FB8B1256-4D8F-410C-A5F2-6E2AEAD24AEA}"
EndProject
Project("{FAE04EC0-301F-11D3-BF4B-00C04F79EFBC}") = "EVEMonitor.UI", "src\EVEMonitor.UI\EVEMonitor.UI.csproj", "{81F93DC0-C1C2-49C2-AE56-105062EE6712}"
EndProject
Global
	GlobalSection(SolutionConfigurationPlatforms) = preSolution
		Debug|Any CPU = Debug|Any CPU
		Debug|x64 = Debug|x64
		Debug|x86 = Debug|x86
		Release|Any CPU = Release|Any CPU
		Release|x64 = Release|x64
		Release|x86 = Release|x86
	EndGlobalSection
	GlobalSection(ProjectConfigurationPlatforms) = postSolution
		{4B7A2C87-D0C7-4CF0-8E25-30B3D30F8AF1}.Debug|Any CPU.ActiveCfg = Debug|Any CPU
		{4B7A2C87-D0C7-4CF0-8E25-30B3D30F8AF1}.Debug|Any CPU.Build.0 = Debug|Any CPU
		{4B7A2C87-D0C7-4CF0-8E25-30B3D30F8AF1}.Debug|x64.ActiveCfg = Debug|Any CPU
		{4B7A2C87-D0C7-4CF0-8E25-30B3D30F8AF1}.Debug|x64.Build.0 = Debug|Any CPU
		{4B7A2C87-D0C7-4CF0-8E25-30B3D30F8AF1}.Debug|x86.ActiveCfg = Debug|Any CPU
		{4B7A2C87-D0C7-4CF0-8E25-30B3D30F8AF1}.Debug|x86.Build.0 = Debug|Any CPU
		{4B7A2C87-D0C7-4CF0-8E25-30B3D30F8AF1}.Release|Any CPU.ActiveCfg = Release|Any CPU
		{4B7A2C87-D0C7-4CF0-8E25-30B3D30F8AF1}.Release|Any CPU.Build.0 = Release|Any CPU
		{4B7A2C87-D0C7-4CF0-8E25-30B3D30F8AF1}.Release|x64.ActiveCfg = Release|Any CPU
		{4B7A2C87-D0C7-4CF0-8E25-30B3D30F8AF1}.Release|x64.Build.0 = Release|Any CPU
		{4B7A2C87-D0C7-4CF0-8E25-30B3D30F8AF1}.Release|x86.ActiveCfg = Release|Any CPU
		{4B7A2C87-D0C7-4CF0-8E25-30B3D30F8AF1}.Release|x86.Build.0 = Release|Any CPU
		{71DD5E25-7B1E-4478-A89A-8571B2F68B34}.Debug|Any CPU.ActiveCfg = Debug|Any CPU
		{71DD5E25-7B1E-4478-A89A-8571B2F68B34}.Debug|Any CPU.Build.0 = Debug|Any CPU
		{71DD5E25-7B1E-4478-A89A-8571B2F68B34}.Debug|x64.ActiveCfg = Debug|Any CPU
		{71DD5E25-7B1E-4478-A89A-8571B2F68B34}.Debug|x64.Build.0 = Debug|Any CPU
		{71DD5E25-7B1E-4478-A89A-8571B2F68B34}.Debug|x86.ActiveCfg = Debug|Any CPU
		{71DD5E25-7B1E-4478-A89A-8571B2F68B34}.Debug|x86.Build.0 = Debug|Any CPU
		{71DD5E25-7B1E-4478-A89A-8571B2F68B34}.Release|Any CPU.ActiveCfg = Release|Any CPU
		{71DD5E25-7B1E-4478-A89A-8571B2F68B34}.Release|Any CPU.Build.0 = Release|Any CPU
		{71DD5E25-7B1E-4478-A89A-8571B2F68B34}.Release|x64.ActiveCfg = Release|Any CPU
		{71DD5E25-7B1E-4478-A89A-8571B2F68B34}.Release|x64.Build.0 = Release|Any CPU
		{71DD5E25-7B1E-4478-A89A-8571B2F68B34}.Release|x86.ActiveCfg = Release|Any CPU
		{71DD5E25-7B1E-4478-A89A-8571B2F68B34}.Release|x86.Build.0 = Release|Any CPU
		{E3E78F7D-25A0-4F25-9752-F8C766F313D9}.Debug|Any CPU.ActiveCfg = Debug|Any CPU
		{E3E78F7D-25A0-4F25-9752-F8C766F313D9}.Debug|Any CPU.Build.0 = Debug|Any CPU
		{E3E78F7D-25A0-4F25-9752-F8C766F313D9}.Debug|x64.ActiveCfg = Debug|Any CPU
		{E3E78F7D-25A0-4F25-9752-F8C766F313D9}.Debug|x64.Build.0 = Debug|Any CPU
		{E3E78F7D-25A0-4F25-9752-F8C766F313D9}.Debug|x86.ActiveCfg = Debug|Any CPU
		{E3E78F7D-25A0-4F25-9752-F8C766F313D9}.Debug|x86.Build.0 = Debug|Any CPU
		{E3E78F7D-25A0-4F25-9752-F8C766F313D9}.Release|Any CPU.ActiveCfg = Release|Any CPU
		{E3E78F7D-25A0-4F25-9752-F8C766F313D9}.Release|Any CPU.Build.0 = Release|Any CPU
		{E3E78F7D-25A0-4F25-9752-F8C766F313D9}.Release|x64.ActiveCfg = Release|Any CPU
		{E3E78F7D-25A0-4F25-9752-F8C766F313D9}.Release|x64.Build.0 = Release|Any CPU
		{E3E78F7D-25A0-4F25-9752-F8C766F313D9}.Release|x86.ActiveCfg = Release|Any CPU
		{E3E78F7D-25A0-4F25-9752-F8C766F313D9}.Release|x86.Build.0 = Release|Any CPU
		{7BF8A3C5-0D85-4A0D-8B7A-222CA4D7C417}.Debug|Any CPU.ActiveCfg = Debug|Any CPU
		{7BF8A3C5-0D85-4A0D-8B7A-222CA4D7C417}.Debug|Any CPU.Build.0 = Debug|Any CPU
		{7BF8A3C5-0D85-4A0D-8B7A-222CA4D7C417}.Debug|x64.ActiveCfg = Debug|Any CPU
		{7BF8A3C5-0D85-4A0D-8B7A-222CA4D7C417}.Debug|x64.Build.0 = Debug|Any CPU
		{7BF8A3C5-0D85-4A0D-8B7A-222CA4D7C417}.Debug|x86.ActiveCfg = Debug|Any CPU
		{7BF8A3C5-0D85-4A0D-8B7A-222CA4D7C417}.Debug|x86.Build.0 = Debug|Any CPU
		{7BF8A3C5-0D85-4A0D-8B7A-222CA4D7C417}.Release|Any CPU.ActiveCfg = Release|Any CPU
		{7BF8A3C5-0D85-4A0D-8B7A-222CA4D7C417}.Release|Any CPU.Build.0 = Release|Any CPU
		{7BF8A3C5-0D85-4A0D-8B7A-222CA4D7C417}.Release|x64.ActiveCfg = Release|Any CPU
		{7BF8A3C5-0D85-4A0D-8B7A-222CA4D7C417}.Release|x64.Build.0 = Release|Any CPU
		{7BF8A3C5-0D85-4A0D-8B7A-222CA4D7C417}.Release|x86.ActiveCfg = Release|Any CPU
		{7BF8A3C5-0D85-4A0D-8B7A-222CA4D7C417}.Release|x86.Build.0 = Release|Any CPU
		{17B8A342-8F35-4196-BA6E-0EE551666717}.Debug|Any CPU.ActiveCfg = Debug|Any CPU
		{17B8A342-8F35-4196-BA6E-0EE551666717}.Debug|Any CPU.Build.0 = Debug|Any CPU
		{17B8A342-8F35-4196-BA6E-0EE551666717}.Debug|x64.ActiveCfg = Debug|Any CPU
		{17B8A342-8F35-4196-BA6E-0EE551666717}.Debug|x64.Build.0 = Debug|Any CPU
		{17B8A342-8F35-4196-BA6E-0EE551666717}.Debug|x86.ActiveCfg = Debug|Any CPU
		{17B8A342-8F35-4196-BA6E-0EE551666717}.Debug|x86.Build.0 = Debug|Any CPU
		{17B8A342-8F35-4196-BA6E-0EE551666717}.Release|Any CPU.ActiveCfg = Release|Any CPU
		{17B8A342-8F35-4196-BA6E-0EE551666717}.Release|Any CPU.Build.0 = Release|Any CPU
		{17B8A342-8F35-4196-BA6E-0EE551666717}.Release|x64.ActiveCfg = Release|Any CPU
		{17B8A342-8F35-4196-BA6E-0EE551666717}.Release|x64.Build.0 = Release|Any CPU
		{17B8A342-8F35-4196-BA6E-0EE551666717}.Release|x86.ActiveCfg = Release|Any CPU
		{17B8A342-8F35-4196-BA6E-0EE551666717}.Release|x86.Build.0 = Release|Any CPU
		{90EF1FA5-E3C3-4D9C-8B0B-2EDF87F69CA8}.Debug|Any CPU.ActiveCfg = Debug|Any CPU
		{90EF1FA5-E3C3-4D9C-8B0B-2EDF87F69CA8}.Debug|Any CPU.Build.0 = Debug|Any CPU
		{90EF1FA5-E3C3-4D9C-8B0B-2EDF87F69CA8}.Debug|x64.ActiveCfg = Debug|Any CPU
		{90EF1FA5-E3C3-4D9C-8B0B-2EDF87F69CA8}.Debug|x64.Build.0 = Debug|Any CPU
		{90EF1FA5-E3C3-4D9C-8B0B-2EDF87F69CA8}.Debug|x86.ActiveCfg = Debug|Any CPU
		{90EF1FA5-E3C3-4D9C-8B0B-2EDF87F69CA8}.Debug|x86.Build.0 = Debug|Any CPU
		{90EF1FA5-E3C3-4D9C-8B0B-2EDF87F69CA8}.Release|Any CPU.ActiveCfg = Release|Any CPU
		{90EF1FA5-E3C3-4D9C-8B0B-2EDF87F69CA8}.Release|Any CPU.Build.0 = Release|Any CPU
		{90EF1FA5-E3C3-4D9C-8B0B-2EDF87F69CA8}.Release|x64.ActiveCfg = Release|Any CPU
		{90EF1FA5-E3C3-4D9C-8B0B-2EDF87F69CA8}.Release|x64.Build.0 = Release|Any CPU
		{90EF1FA5-E3C3-4D9C-8B0B-2EDF87F69CA8}.Release|x86.ActiveCfg = Release|Any CPU
		{90EF1FA5-E3C3-4D9C-8B0B-2EDF87F69CA8}.Release|x86.Build.0 = Release|Any CPU
		{2D7B67A1-F3B7-4794-B3FC-B90FB5AEB76A}.Debug|Any CPU.ActiveCfg = Debug|Any CPU
		{2D7B67A1-F3B7-4794-B3FC-B90FB5AEB76A}.Debug|Any CPU.Build.0 = Debug|Any CPU
		{2D7B67A1-F3B7-4794-B3FC-B90FB5AEB76A}.Debug|x64.ActiveCfg = Debug|Any CPU
		{2D7B67A1-F3B7-4794-B3FC-B90FB5AEB76A}.Debug|x64.Build.0 = Debug|Any CPU
		{2D7B67A1-F3B7-4794-B3FC-B90FB5AEB76A}.Debug|x86.ActiveCfg = Debug|Any CPU
		{2D7B67A1-F3B7-4794-B3FC-B90FB5AEB76A}.Debug|x86.Build.0 = Debug|Any CPU
		{2D7B67A1-F3B7-4794-B3FC-B90FB5AEB76A}.Release|Any CPU.ActiveCfg = Release|Any CPU
		{2D7B67A1-F3B7-4794-B3FC-B90FB5AEB76A}.Release|Any CPU.Build.0 = Release|Any CPU
		{2D7B67A1-F3B7-4794-B3FC-B90FB5AEB76A}.Release|x64.ActiveCfg = Release|Any CPU
		{2D7B67A1-F3B7-4794-B3FC-B90FB5AEB76A}.Release|x64.Build.0 = Release|Any CPU
		{2D7B67A1-F3B7-4794-B3FC-B90FB5AEB76A}.Release|x86.ActiveCfg = Release|Any CPU
		{2D7B67A1-F3B7-4794-B3FC-B90FB5AEB76A}.Release|x86.Build.0 = Release|Any CPU
		{2EB95CA7-FE2F-4C4A-8439-3E19DB7ED8DB}.Debug|Any CPU.ActiveCfg = Debug|Any CPU
		{2EB95CA7-FE2F-4C4A-8439-3E19DB7ED8DB}.Debug|Any CPU.Build.0 = Debug|Any CPU
		{2EB95CA7-FE2F-4C4A-8439-3E19DB7ED8DB}.Debug|x64.ActiveCfg = Debug|Any CPU
		{2EB95CA7-FE2F-4C4A-8439-3E19DB7ED8DB}.Debug|x64.Build.0 = Debug|Any CPU
		{2EB95CA7-FE2F-4C4A-8439-3E19DB7ED8DB}.Debug|x86.ActiveCfg = Debug|Any CPU
		{2EB95CA7-FE2F-4C4A-8439-3E19DB7ED8DB}.Debug|x86.Build.0 = Debug|Any CPU
		{2EB95CA7-FE2F-4C4A-8439-3E19DB7ED8DB}.Release|Any CPU.ActiveCfg = Release|Any CPU
		{2EB95CA7-FE2F-4C4A-8439-3E19DB7ED8DB}.Release|Any CPU.Build.0 = Release|Any CPU
		{2EB95CA7-FE2F-4C4A-8439-3E19DB7ED8DB}.Release|x64.ActiveCfg = Release|Any CPU
		{2EB95CA7-FE2F-4C4A-8439-3E19DB7ED8DB}.Release|x64.Build.0 = Release|Any CPU
		{2EB95CA7-FE2F-4C4A-8439-3E19DB7ED8DB}.Release|x86.ActiveCfg = Release|Any CPU
		{2EB95CA7-FE2F-4C4A-8439-3E19DB7ED8DB}.Release|x86.Build.0 = Release|Any CPU
		{5A3A67B1-A5F8-4B9C-BB4F-83E4A93D7BA5}.Debug|Any CPU.ActiveCfg = Debug|Any CPU
		{5A3A67B1-A5F8-4B9C-BB4F-83E4A93D7BA5}.Debug|Any CPU.Build.0 = Debug|Any CPU
		{5A3A67B1-A5F8-4B9C-BB4F-83E4A93D7BA5}.Debug|x64.ActiveCfg = Debug|Any CPU
		{5A3A67B1-A5F8-4B9C-BB4F-83E4A93D7BA5}.Debug|x64.Build.0 = Debug|Any CPU
		{5A3A67B1-A5F8-4B9C-BB4F-83E4A93D7BA5}.Debug|x86.ActiveCfg = Debug|Any CPU
		{5A3A67B1-A5F8-4B9C-BB4F-83E4A93D7BA5}.Debug|x86.Build.0 = Debug|Any CPU
		{5A3A67B1-A5F8-4B9C-BB4F-83E4A93D7BA5}.Release|Any CPU.ActiveCfg = Release|Any CPU
		{5A3A67B1-A5F8-4B9C-BB4F-83E4A93D7BA5}.Release|Any CPU.Build.0 = Release|Any CPU
		{5A3A67B1-A5F8-4B9C-BB4F-83E4A93D7BA5}.Release|x64.ActiveCfg = Release|Any CPU
		{5A3A67B1-A5F8-4B9C-BB4F-83E4A93D7BA5}.Release|x64.Build.0 = Release|Any CPU
		{5A3A67B1-A5F8-4B9C-BB4F-83E4A93D7BA5}.Release|x86.ActiveCfg = Release|Any CPU
		{5A3A67B1-A5F8-4B9C-BB4F-83E4A93D7BA5}.Release|x86.Build.0 = Release|Any CPU
		{1A6DB0CE-E428-4A5C-8F99-67CE69753054}.Debug|Any CPU.ActiveCfg = Debug|Any CPU
		{1A6DB0CE-E428-4A5C-8F99-67CE69753054}.Debug|Any CPU.Build.0 = Debug|Any CPU
		{1A6DB0CE-E428-4A5C-8F99-67CE69753054}.Debug|x64.ActiveCfg = Debug|Any CPU
		{1A6DB0CE-E428-4A5C-8F99-67CE69753054}.Debug|x64.Build.0 = Debug|Any CPU
		{1A6DB0CE-E428-4A5C-8F99-67CE69753054}.Debug|x86.ActiveCfg = Debug|Any CPU
		{1A6DB0CE-E428-4A5C-8F99-67CE69753054}.Debug|x86.Build.0 = Debug|Any CPU
		{1A6DB0CE-E428-4A5C-8F99-67CE69753054}.Release|Any CPU.ActiveCfg = Release|Any CPU
		{1A6DB0CE-E428-4A5C-8F99-67CE69753054}.Release|Any CPU.Build.0 = Release|Any CPU
		{1A6DB0CE-E428-4A5C-8F99-67CE69753054}.Release|x64.ActiveCfg = Release|Any CPU
		{1A6DB0CE-E428-4A5C-8F99-67CE69753054}.Release|x64.Build.0 = Release|Any CPU
		{1A6DB0CE-E428-4A5C-8F99-67CE69753054}.Release|x86.ActiveCfg = Release|Any CPU
		{1A6DB0CE-E428-4A5C-8F99-67CE69753054}.Release|x86.Build.0 = Release|Any CPU
		{C4D42A5B-6CBB-46AB-BAA5-99D5B3C87E1C}.Debug|Any CPU.ActiveCfg = Debug|Any CPU
		{C4D42A5B-6CBB-46AB-BAA5-99D5B3C87E1C}.Debug|Any CPU.Build.0 = Debug|Any CPU
		{C4D42A5B-6CBB-46AB-BAA5-99D5B3C87E1C}.Debug|x64.ActiveCfg = Debug|Any CPU
		{C4D42A5B-6CBB-46AB-BAA5-99D5B3C87E1C}.Debug|x64.Build.0 = Debug|Any CPU
		{C4D42A5B-6CBB-46AB-BAA5-99D5B3C87E1C}.Debug|x86.ActiveCfg = Debug|Any CPU
		{C4D42A5B-6CBB-46AB-BAA5-99D5B3C87E1C}.Debug|x86.Build.0 = Debug|Any CPU
		{C4D42A5B-6CBB-46AB-BAA5-99D5B3C87E1C}.Release|Any CPU.ActiveCfg = Release|Any CPU
		{C4D42A5B-6CBB-46AB-BAA5-99D5B3C87E1C}.Release|Any CPU.Build.0 = Release|Any CPU
		{C4D42A5B-6CBB-46AB-BAA5-99D5B3C87E1C}.Release|x64.ActiveCfg = Release|Any CPU
		{C4D42A5B-6CBB-46AB-BAA5-99D5B3C87E1C}.Release|x64.Build.0 = Release|Any CPU
		{C4D42A5B-6CBB-46AB-BAA5-99D5B3C87E1C}.Release|x86.ActiveCfg = Release|Any CPU
		{C4D42A5B-6CBB-46AB-BAA5-99D5B3C87E1C}.Release|x86.Build.0 = Release|Any CPU
		{FB8B1256-4D8F-410C-A5F2-6E2AEAD24AEA}.Debug|Any CPU.ActiveCfg = Debug|Any CPU
		{FB8B1256-4D8F-410C-A5F2-6E2AEAD24AEA}.Debug|Any CPU.Build.0 = Debug|Any CPU
		{FB8B1256-4D8F-410C-A5F2-6E2AEAD24AEA}.Debug|x64.ActiveCfg = Debug|Any CPU
		{FB8B1256-4D8F-410C-A5F2-6E2AEAD24AEA}.Debug|x64.Build.0 = Debug|Any CPU
		{FB8B1256-4D8F-410C-A5F2-6E2AEAD24AEA}.Debug|x86.ActiveCfg = Debug|Any CPU
		{FB8B1256-4D8F-410C-A5F2-6E2AEAD24AEA}.Debug|x86.Build.0 = Debug|Any CPU
		{FB8B1256-4D8F-410C-A5F2-6E2AEAD24AEA}.Release|Any CPU.ActiveCfg = Release|Any CPU
		{FB8B1256-4D8F-410C-A5F2-6E2AEAD24AEA}.Release|Any CPU.Build.0 = Release|Any CPU
		{FB8B1256-4D8F-410C-A5F2-6E2AEAD24AEA}.Release|x64.ActiveCfg = Release|Any CPU
		{FB8B1256-4D8F-410C-A5F2-6E2AEAD24AEA}.Release|x64.Build.0 = Release|Any CPU
		{FB8B1256-4D8F-410C-A5F2-6E2AEAD24AEA}.Release|x86.ActiveCfg = Release|Any CPU
		{FB8B1256-4D8F-410C-A5F2-6E2AEAD24AEA}.Release|x86.Build.0 = Release|Any CPU
		{81F93DC0-C1C2-49C2-AE56-105062EE6712}.Debug|Any CPU.ActiveCfg = Debug|Any CPU
		{81F93DC0-C1C2-49C2-AE56-105062EE6712}.Debug|Any CPU.Build.0 = Debug|Any CPU
		{81F93DC0-C1C2-49C2-AE56-105062EE6712}.Debug|x64.ActiveCfg = Debug|Any CPU
		{81F93DC0-C1C2-49C2-AE56-105062EE6712}.Debug|x64.Build.0 = Debug|Any CPU
		{81F93DC0-C1C2-49C2-AE56-105062EE6712}.Debug|x86.ActiveCfg = Debug|Any CPU
		{81F93DC0-C1C2-49C2-AE56-105062EE6712}.Debug|x86.Build.0 = Debug|Any CPU
		{81F93DC0-C1C2-49C2-AE56-105062EE6712}.Release|Any CPU.ActiveCfg = Release|Any CPU
		{81F93DC0-C1C2-49C2-AE56-105062EE6712}.Release|Any CPU.Build.0 = Release|Any CPU
		{81F93DC0-C1C2-49C2-AE56-105062EE6712}.Release|x64.ActiveCfg = Release|Any CPU
		{81F93DC0-C1C2-49C2-AE56-105062EE6712}.Release|x64.Build.0 = Release|Any CPU
		{81F93DC0-C1C2-49C2-AE56-105062EE6712}.Release|x86.ActiveCfg = Release|Any CPU
		{81F93DC0-C1C2-49C2-AE56-105062EE6712}.Release|x86.Build.0 = Release|Any CPU
	EndGlobalSection
	GlobalSection(SolutionProperties) = preSolution
		HideSolutionNode = FALSE
	EndGlobalSection
	GlobalSection(NestedProjects) = preSolution
		{4B7A2C87-D0C7-4CF0-8E25-30B3D30F8AF1} = {A0D6B854-7397-4D9B-8931-B705069210B0}
		{71DD5E25-7B1E-4478-A89A-8571B2F68B34} = {A0D6B854-7397-4D9B-8931-B705069210B0}
		{E3E78F7D-25A0-4F25-9752-F8C766F313D9} = {A0D6B854-7397-4D9B-8931-B705069210B0}
		{7BF8A3C5-0D85-4A0D-8B7A-222CA4D7C417} = {A0D6B854-7397-4D9B-8931-B705069210B0}
		{17B8A342-8F35-4196-BA6E-0EE551666717} = {A0D6B854-7397-4D9B-8931-B705069210B0}
		{90EF1FA5-E3C3-4D9C-8B0B-2EDF87F69CA8} = {A0D6B854-7397-4D9B-8931-B705069210B0}
		{2D7B67A1-F3B7-4794-B3FC-B90FB5AEB76A} = {F5C7B635-0BF7-4AB7-B8DF-888DF8F30691}
		{2EB95CA7-FE2F-4C4A-8439-3E19DB7ED8DB} = {F5C7B635-0BF7-4AB7-B8DF-888DF8F30691}
		{5A3A67B1-A5F8-4B9C-BB4F-83E4A93D7BA5} = {F5C7B635-0BF7-4AB7-B8DF-888DF8F30691}
		{1A6DB0CE-E428-4A5C-8F99-67CE69753054} = {F5C7B635-0BF7-4AB7-B8DF-888DF8F30691}
		{C4D42A5B-6CBB-46AB-BAA5-99D5B3C87E1C} = {F5C7B635-0BF7-4AB7-B8DF-888DF8F30691}
		{FB8B1256-4D8F-410C-A5F2-6E2AEAD24AEA} = {F5C7B635-0BF7-4AB7-B8DF-888DF8F30691}
		{81F93DC0-C1C2-49C2-AE56-105062EE6712} = {A0D6B854-7397-4D9B-8931-B705069210B0}
	EndGlobalSection
	GlobalSection(ExtensibilityGlobals) = postSolution
		SolutionGuid = {E9C03EA2-D5DF-4A54-BC3F-CDD0BD926431}
	EndGlobalSection
EndGlobal
